// !$*UTF8*$!
{
	archiveVersion = 1;
	classes = {
	};
	objectVersion = 50;
	objects = {

/* Begin PBXBuildFile section */
		57191C772220E29700E44DEA /* AppDelegate.swift in Sources */ = {isa = PBXBuildFile; fileRef = 57191C762220E29700E44DEA /* AppDelegate.swift */; };
		57191C792220E29700E44DEA /* ViewController.swift in Sources */ = {isa = PBXBuildFile; fileRef = 57191C782220E29700E44DEA /* ViewController.swift */; };
		57191C7C2220E29700E44DEA /* Main.storyboard in Resources */ = {isa = PBXBuildFile; fileRef = 57191C7A2220E29700E44DEA /* Main.storyboard */; };
		57191C7E2220E29A00E44DEA /* Assets.xcassets in Resources */ = {isa = PBXBuildFile; fileRef = 57191C7D2220E29A00E44DEA /* Assets.xcassets */; };
		57191C812220E29A00E44DEA /* LaunchScreen.storyboard in Resources */ = {isa = PBXBuildFile; fileRef = 57191C7F2220E29A00E44DEA /* LaunchScreen.storyboard */; };
		57191C8A2220E67400E44DEA /* SpriteKit.framework in Frameworks */ = {isa = PBXBuildFile; fileRef = 57191C892220E67400E44DEA /* SpriteKit.framework */; };
		57191C8C2220E87600E44DEA /* GameScene.swift in Sources */ = {isa = PBXBuildFile; fileRef = 57191C8B2220E87600E44DEA /* GameScene.swift */; };
		57191CC82226BEC800E44DEA /* AVFoundation.framework in Frameworks */ = {isa = PBXBuildFile; fileRef = 57191CC72226BEC800E44DEA /* AVFoundation.framework */; };
		57191CCA2226C11C00E44DEA /* itemMusic.mp3 in Resources */ = {isa = PBXBuildFile; fileRef = 57191CC92226C11C00E44DEA /* itemMusic.mp3 */; };
		57191CCC2226C5AD00E44DEA /* colorful_backimage.png in Resources */ = {isa = PBXBuildFile; fileRef = 57191CCB2226C5AD00E44DEA /* colorful_backimage.png */; };
		57191CCE2226C7B700E44DEA /* BeforeViewController.swift in Sources */ = {isa = PBXBuildFile; fileRef = 57191CCD2226C7B700E44DEA /* BeforeViewController.swift */; };
		57191CD022274A0100E44DEA /* button.png in Resources */ = {isa = PBXBuildFile; fileRef = 57191CCF22274A0100E44DEA /* button.png */; };
		57191CD222274C2700E44DEA /* reloaddata.png in Resources */ = {isa = PBXBuildFile; fileRef = 57191CD122274C2600E44DEA /* reloaddata.png */; };
/* End PBXBuildFile section */

/* Begin PBXFileReference section */
		57191C732220E29700E44DEA /* FlappyBird.app */ = {isa = PBXFileReference; explicitFileType = wrapper.application; includeInIndex = 0; path = FlappyBird.app; sourceTree = BUILT_PRODUCTS_DIR; };
		57191C762220E29700E44DEA /* AppDelegate.swift */ = {isa = PBXFileReference; lastKnownFileType = sourcecode.swift; path = AppDelegate.swift; sourceTree = "<group>"; };
		57191C782220E29700E44DEA /* ViewController.swift */ = {isa = PBXFileReference; lastKnownFileType = sourcecode.swift; path = ViewController.swift; sourceTree = "<group>"; };
		57191C7B2220E29700E44DEA /* Base */ = {isa = PBXFileReference; lastKnownFileType = file.storyboard; name = Base; path = Base.lproj/Main.storyboard; sourceTree = "<group>"; };
		57191C7D2220E29A00E44DEA /* Assets.xcassets */ = {isa = PBXFileReference; lastKnownFileType = folder.assetcatalog; path = Assets.xcassets; sourceTree = "<group>"; };
		57191C802220E29A00E44DEA /* Base */ = {isa = PBXFileReference; lastKnownFileType = file.storyboard; name = Base; path = Base.lproj/LaunchScreen.storyboard; sourceTree = "<group>"; };
		57191C822220E29A00E44DEA /* Info.plist */ = {isa = PBXFileReference; lastKnownFileType = text.plist.xml; path = Info.plist; sourceTree = "<group>"; };
		57191C892220E67400E44DEA /* SpriteKit.framework */ = {isa = PBXFileReference; lastKnownFileType = wrapper.framework; name = SpriteKit.framework; path = System/Library/Frameworks/SpriteKit.framework; sourceTree = SDKROOT; };
		57191C8B2220E87600E44DEA /* GameScene.swift */ = {isa = PBXFileReference; lastKnownFileType = sourcecode.swift; path = GameScene.swift; sourceTree = "<group>"; };
		57191CC72226BEC800E44DEA /* AVFoundation.framework */ = {isa = PBXFileReference; lastKnownFileType = wrapper.framework; name = AVFoundation.framework; path = System/Library/Frameworks/AVFoundation.framework; sourceTree = SDKROOT; };
		57191CC92226C11C00E44DEA /* itemMusic.mp3 */ = {isa = PBXFileReference; lastKnownFileType = audio.mp3; path = itemMusic.mp3; sourceTree = "<group>"; };
		57191CCB2226C5AD00E44DEA /* colorful_backimage.png */ = {isa = PBXFileReference; lastKnownFileType = image.png; path = colorful_backimage.png; sourceTree = "<group>"; };
		57191CCD2226C7B700E44DEA /* BeforeViewController.swift */ = {isa = PBXFileReference; lastKnownFileType = sourcecode.swift; path = BeforeViewController.swift; sourceTree = "<group>"; };
		57191CCF22274A0100E44DEA /* button.png */ = {isa = PBXFileReference; lastKnownFileType = image.png; path = button.png; sourceTree = "<group>"; };
		57191CD122274C2600E44DEA /* reloaddata.png */ = {isa = PBXFileReference; lastKnownFileType = image.png; path = reloaddata.png; sourceTree = "<group>"; };
/* End PBXFileReference section */

/* Begin PBXFrameworksBuildPhase section */
		57191C702220E29700E44DEA /* Frameworks */ = {
			isa = PBXFrameworksBuildPhase;
			buildActionMask = 2147483647;
			files = (
				57191CC82226BEC800E44DEA /* AVFoundation.framework in Frameworks */,
				57191C8A2220E67400E44DEA /* SpriteKit.framework in Frameworks */,
			);
			runOnlyForDeploymentPostprocessing = 0;
		};
/* End PBXFrameworksBuildPhase section */

/* Begin PBXGroup section */
		57191C6A2220E29700E44DEA = {
			isa = PBXGroup;
			children = (
				57191CCD2226C7B700E44DEA /* BeforeViewController.swift */,
				57191C8B2220E87600E44DEA /* GameScene.swift */,
				57191C752220E29700E44DEA /* FlappyBird */,
				57191C742220E29700E44DEA /* Products */,
				57191C882220E67300E44DEA /* Frameworks */,
			);
			sourceTree = "<group>";
		};
		57191C742220E29700E44DEA /* Products */ = {
			isa = PBXGroup;
			children = (
				57191C732220E29700E44DEA /* FlappyBird.app */,
			);
			name = Products;
			sourceTree = "<group>";
		};
		57191C752220E29700E44DEA /* FlappyBird */ = {
			isa = PBXGroup;
			children = (
				57191C762220E29700E44DEA /* AppDelegate.swift */,
				57191C782220E29700E44DEA /* ViewController.swift */,
				57191C7A2220E29700E44DEA /* Main.storyboard */,
				57191CCB2226C5AD00E44DEA /* colorful_backimage.png */,
				57191CD122274C2600E44DEA /* reloaddata.png */,
				57191CCF22274A0100E44DEA /* button.png */,
				57191C7D2220E29A00E44DEA /* Assets.xcassets */,
				57191CC92226C11C00E44DEA /* itemMusic.mp3 */,
				57191C7F2220E29A00E44DEA /* LaunchScreen.storyboard */,
				57191C822220E29A00E44DEA /* Info.plist */,
			);
			path = FlappyBird;
			sourceTree = "<group>";
		};
		57191C882220E67300E44DEA /* Frameworks */ = {
			isa = PBXGroup;
			children = (
				57191CC72226BEC800E44DEA /* AVFoundation.framework */,
				57191C892220E67400E44DEA /* SpriteKit.framework */,
			);
			name = Frameworks;
			sourceTree = "<group>";
		};
/* End PBXGroup section */

/* Begin PBXNativeTarget section */
		57191C722220E29700E44DEA /* FlappyBird */ = {
			isa = PBXNativeTarget;
			buildConfigurationList = 57191C852220E29A00E44DEA /* Build configuration list for PBXNativeTarget "FlappyBird" */;
			buildPhases = (
				57191C6F2220E29700E44DEA /* Sources */,
				57191C702220E29700E44DEA /* Frameworks */,
				57191C712220E29700E44DEA /* Resources */,
			);
			buildRules = (
			);
			dependencies = (
			);
			name = FlappyBird;
			productName = FlappyBird;
			productReference = 57191C732220E29700E44DEA /* FlappyBird.app */;
			productType = "com.apple.product-type.application";
		};
/* End PBXNativeTarget section */

/* Begin PBXProject section */
		57191C6B2220E29700E44DEA /* Project object */ = {
			isa = PBXProject;
			attributes = {
				LastSwiftUpdateCheck = 1010;
				LastUpgradeCheck = 1010;
				ORGANIZATIONNAME = tomoya.suzuki;
				TargetAttributes = {
					57191C722220E29700E44DEA = {
						CreatedOnToolsVersion = 10.1;
					};
				};
			};
			buildConfigurationList = 57191C6E2220E29700E44DEA /* Build configuration list for PBXProject "FlappyBird" */;
			compatibilityVersion = "Xcode 9.3";
			developmentRegion = en;
			hasScannedForEncodings = 0;
			knownRegions = (
				en,
				Base,
			);
			mainGroup = 57191C6A2220E29700E44DEA;
			productRefGroup = 57191C742220E29700E44DEA /* Products */;
			projectDirPath = "";
			projectRoot = "";
			targets = (
				57191C722220E29700E44DEA /* FlappyBird */,
			);
		};
/* End PBXProject section */

/* Begin PBXResourcesBuildPhase section */
		57191C712220E29700E44DEA /* Resources */ = {
			isa = PBXResourcesBuildPhase;
			buildActionMask = 2147483647;
			files = (
				57191CCA2226C11C00E44DEA /* itemMusic.mp3 in Resources */,
				57191CD022274A0100E44DEA /* button.png in Resources */,
				57191C812220E29A00E44DEA /* LaunchScreen.storyboard in Resources */,
				57191C7E2220E29A00E44DEA /* Assets.xcassets in Resources */,
				57191CD222274C2700E44DEA /* reloaddata.png in Resources */,
				57191C7C2220E29700E44DEA /* Main.storyboard in Resources */,
				57191CCC2226C5AD00E44DEA /* colorful_backimage.png in Resources */,
			);
			runOnlyForDeploymentPostprocessing = 0;
		};
/* End PBXResourcesBuildPhase section */

/* Begin PBXSourcesBuildPhase section */
		57191C6F2220E29700E44DEA /* Sources */ = {
			isa = PBXSourcesBuildPhase;
			buildActionMask = 2147483647;
			files = (
				57191C8C2220E87600E44DEA /* GameScene.swift in Sources */,
				57191C792220E29700E44DEA /* ViewController.swift in Sources */,
				57191C772220E29700E44DEA /* AppDelegate.swift in Sources */,
				57191CCE2226C7B700E44DEA /* BeforeViewController.swift in Sources */,
			);
			runOnlyForDeploymentPostprocessing = 0;
		};
/* End PBXSourcesBuildPhase section */

/* Begin PBXVariantGroup section */
		57191C7A2220E29700E44DEA /* Main.storyboard */ = {
			isa = PBXVariantGroup;
			children = (
				57191C7B2220E29700E44DEA /* Base */,
			);
			name = Main.storyboard;
			sourceTree = "<group>";
		};
		57191C7F2220E29A00E44DEA /* LaunchScreen.storyboard */ = {
			isa = PBXVariantGroup;
			children = (
				57191C802220E29A00E44DEA /* Base */,
			);
			name = LaunchScreen.storyboard;
			sourceTree = "<group>";
		};
/* End PBXVariantGroup section */

/* Begin XCBuildConfiguration section */
		57191C832220E29A00E44DEA /* Debug */ = {
			isa = XCBuildConfiguration;
			buildSettings = {
				ALWAYS_SEARCH_USER_PATHS = NO;
				CLANG_ANALYZER_NONNULL = YES;
				CLANG_ANALYZER_NUMBER_OBJECT_CONVERSION = YES_AGGRESSIVE;
				CLANG_CXX_LANGUAGE_STANDARD = "gnu++14";
				CLANG_CXX_LIBRARY = "libc++";
				CLANG_ENABLE_MODULES = YES;
				CLANG_ENABLE_OBJC_ARC = YES;
				CLANG_ENABLE_OBJC_WEAK = YES;
				CLANG_WARN_BLOCK_CAPTURE_AUTORELEASING = YES;
				CLANG_WARN_BOOL_CONVERSION = YES;
				CLANG_WARN_COMMA = YES;
				CLANG_WARN_CONSTANT_CONVERSION = YES;
				CLANG_WARN_DEPRECATED_OBJC_IMPLEMENTATIONS = YES;
				CLANG_WARN_DIRECT_OBJC_ISA_USAGE = YES_ERROR;
				CLANG_WARN_DOCUMENTATION_COMMENTS = YES;
				CLANG_WARN_EMPTY_BODY = YES;
				CLANG_WARN_ENUM_CONVERSION = YES;
				CLANG_WARN_INFINITE_RECURSION = YES;
				CLANG_WARN_INT_CONVERSION = YES;
				CLANG_WARN_NON_LITERAL_NULL_CONVERSION = YES;
				CLANG_WARN_OBJC_IMPLICIT_RETAIN_SELF = YES;
				CLANG_WARN_OBJC_LITERAL_CONVERSION = YES;
				CLANG_WARN_OBJC_ROOT_CLASS = YES_ERROR;
				CLANG_WARN_RANGE_LOOP_ANALYSIS = YES;
				CLANG_WARN_STRICT_PROTOTYPES = YES;
				CLANG_WARN_SUSPICIOUS_MOVE = YES;
				CLANG_WARN_UNGUARDED_AVAILABILITY = YES_AGGRESSIVE;
				CLANG_WARN_UNREACHABLE_CODE = YES;
				CLANG_WARN__DUPLICATE_METHOD_MATCH = YES;
				CODE_SIGN_IDENTITY = "iPhone Developer";
				COPY_PHASE_STRIP = NO;
				DEBUG_INFORMATION_FORMAT = dwarf;
				ENABLE_STRICT_OBJC_MSGSEND = YES;
				ENABLE_TESTABILITY = YES;
				GCC_C_LANGUAGE_STANDARD = gnu11;
				GCC_DYNAMIC_NO_PIC = NO;
				GCC_NO_COMMON_BLOCKS = YES;
				GCC_OPTIMIZATION_LEVEL = 0;
				GCC_PREPROCESSOR_DEFINITIONS = (
					"DEBUG=1",
					"$(inherited)",
				);
				GCC_WARN_64_TO_32_BIT_CONVERSION = YES;
				GCC_WARN_ABOUT_RETURN_TYPE = YES_ERROR;
				GCC_WARN_UNDECLARED_SELECTOR = YES;
				GCC_WARN_UNINITIALIZED_AUTOS = YES_AGGRESSIVE;
				GCC_WARN_UNUSED_FUNCTION = YES;
				GCC_WARN_UNUSED_VARIABLE = YES;
				IPHONEOS_DEPLOYMENT_TARGET = 12.1;
				MTL_ENABLE_DEBUG_INFO = INCLUDE_SOURCE;
				MTL_FAST_MATH = YES;
				ONLY_ACTIVE_ARCH = YES;
				SDKROOT = iphoneos;
				SWIFT_ACTIVE_COMPILATION_CONDITIONS = DEBUG;
				SWIFT_OPTIMIZATION_LEVEL = "-Onone";
			};
			name = Debug;
		};
		57191C842220E29A00E44DEA /* Release */ = {
			isa = XCBuildConfiguration;
			buildSettings = {
				ALWAYS_SEARCH_USER_PATHS = NO;
				CLANG_ANALYZER_NONNULL = YES;
				CLANG_ANALYZER_NUMBER_OBJECT_CONVERSION = YES_AGGRESSIVE;
				CLANG_CXX_LANGUAGE_STANDARD = "gnu++14";
				CLANG_CXX_LIBRARY = "libc++";
				CLANG_ENABLE_MODULES = YES;
				CLANG_ENABLE_OBJC_ARC = YES;
				CLANG_ENABLE_OBJC_WEAK = YES;
				CLANG_WARN_BLOCK_CAPTURE_AUTORELEASING = YES;
				CLANG_WARN_BOOL_CONVERSION = YES;
				CLANG_WARN_COMMA = YES;
				CLANG_WARN_CONSTANT_CONVERSION = YES;
				CLANG_WARN_DEPRECATED_OBJC_IMPLEMENTATIONS = YES;
				CLANG_WARN_DIRECT_OBJC_ISA_USAGE = YES_ERROR;
				CLANG_WARN_DOCUMENTATION_COMMENTS = YES;
				CLANG_WARN_EMPTY_BODY = YES;
				CLANG_WARN_ENUM_CONVERSION = YES;
				CLANG_WARN_INFINITE_RECURSION = YES;
				CLANG_WARN_INT_CONVERSION = YES;
				CLANG_WARN_NON_LITERAL_NULL_CONVERSION = YES;
				CLANG_WARN_OBJC_IMPLICIT_RETAIN_SELF = YES;
				CLANG_WARN_OBJC_LITERAL_CONVERSION = YES;
				CLANG_WARN_OBJC_ROOT_CLASS = YES_ERROR;
				CLANG_WARN_RANGE_LOOP_ANALYSIS = YES;
				CLANG_WARN_STRICT_PROTOTYPES = YES;
				CLANG_WARN_SUSPICIOUS_MOVE = YES;
				CLANG_WARN_UNGUARDED_AVAILABILITY = YES_AGGRESSIVE;
				CLANG_WARN_UNREACHABLE_CODE = YES;
				CLANG_WARN__DUPLICATE_METHOD_MATCH = YES;
				CODE_SIGN_IDENTITY = "iPhone Developer";
				COPY_PHASE_STRIP = NO;
				DEBUG_INFORMATION_FORMAT = "dwarf-with-dsym";
				ENABLE_NS_ASSERTIONS = NO;
				ENABLE_STRICT_OBJC_MSGSEND = YES;
				GCC_C_LANGUAGE_STANDARD = gnu11;
				GCC_NO_COMMON_BLOCKS = YES;
				GCC_WARN_64_TO_32_BIT_CONVERSION = YES;
				GCC_WARN_ABOUT_RETURN_TYPE = YES_ERROR;
				GCC_WARN_UNDECLARED_SELECTOR = YES;
				GCC_WARN_UNINITIALIZED_AUTOS = YES_AGGRESSIVE;
				GCC_WARN_UNUSED_FUNCTION = YES;
				GCC_WARN_UNUSED_VARIABLE = YES;
				IPHONEOS_DEPLOYMENT_TARGET = 12.1;
				MTL_ENABLE_DEBUG_INFO = NO;
				MTL_FAST_MATH = YES;
				SDKROOT = iphoneos;
				SWIFT_COMPILATION_MODE = wholemodule;
				SWIFT_OPTIMIZATION_LEVEL = "-O";
				VALIDATE_PRODUCT = YES;
			};
			name = Release;
		};
		57191C862220E29A00E44DEA /* Debug */ = {
			isa = XCBuildConfiguration;
			buildSettings = {
				ASSETCATALOG_COMPILER_APPICON_NAME = AppIcon;
				CODE_SIGN_IDENTITY = "iPhone Developer";
				CODE_SIGN_STYLE = Automatic;
				DEVELOPMENT_TEAM = GU9D57Q492;
				INFOPLIST_FILE = FlappyBird/Info.plist;
				LD_RUNPATH_SEARCH_PATHS = (
					"$(inherited)",
					"@executable_path/Frameworks",
				);
				PRODUCT_BUNDLE_IDENTIFIER = jp.techacademy.tomoya.suzuki.FlappyBird;
				PRODUCT_NAME = "$(TARGET_NAME)";
				PROVISIONING_PROFILE_SPECIFIER = "";
				SWIFT_VERSION = 4.2;
				TARGETED_DEVICE_FAMILY = "1,2";
			};
			name = Debug;
		};
		57191C872220E29A00E44DEA /* Release */ = {
			isa = XCBuildConfiguration;
			buildSettings = {
				ASSETCATALOG_COMPILER_APPICON_NAME = AppIcon;
				CODE_SIGN_IDENTITY = "iPhone Developer";
				CODE_SIGN_STYLE = Automatic;
				DEVELOPMENT_TEAM = GU9D57Q492;
				INFOPLIST_FILE = FlappyBird/Info.plist;
				LD_RUNPATH_SEARCH_PATHS = (
					"$(inherited)",
					"@executable_path/Frameworks",
				);
				PRODUCT_BUNDLE_IDENTIFIER = jp.techacademy.tomoya.suzuki.FlappyBird;
				PRODUCT_NAME = "$(TARGET_NAME)";
				PROVISIONING_PROFILE_SPECIFIER = "";
				SWIFT_VERSION = 4.2;
				TARGETED_DEVICE_FAMILY = "1,2";
			};
			name = Release;
		};
/* End XCBuildConfiguration section */

/* Begin XCConfigurationList section */
		57191C6E2220E29700E44DEA /* Build configuration list for PBXProject "FlappyBird" */ = {
			isa = XCConfigurationList;
			buildConfigurations = (
				57191C832220E29A00E44DEA /* Debug */,
				57191C842220E29A00E44DEA /* Release */,
			);
			defaultConfigurationIsVisible = 0;
			defaultConfigurationName = Release;
		};
		57191C852220E29A00E44DEA /* Build configuration list for PBXNativeTarget "FlappyBird" */ = {
			isa = XCConfigurationList;
			buildConfigurations = (
				57191C862220E29A00E44DEA /* Debug */,
				57191C872220E29A00E44DEA /* Release */,
			);
			defaultConfigurationIsVisible = 0;
			defaultConfigurationName = Release;
		};
/* End XCConfigurationList section */
	};
	rootObject = 57191C6B2220E29700E44DEA /* Project object */;
}
